{
  "version": 4,
  "terraform_version": "1.3.5",
  "serial": 5,
  "lineage": "78f8a1f2-ae82-c8b6-7c2f-083c8d190634",
  "outputs": {},
  "resources": [
    {
      "mode": "managed",
      "type": "aws_cloudwatch_dashboard",
      "name": "main",
      "provider": "provider[\"registry.terraform.io/hashicorp/aws\"]",
      "instances": [
        {
          "schema_version": 0,
          "attributes": {
            "dashboard_arn": "arn:aws:cloudwatch::244530008913:dashboard/1041",
            "dashboard_body": "{\r\n  \"widgets\": [\r\n    {\r\n      \"type\": \"metric\",\r\n      \"x\": 0,\r\n      \"y\": 0,\r\n      \"width\": 12,\r\n      \"height\": 6,\r\n      \"properties\": {\r\n        \"metrics\": [\r\n          [\r\n            \"1041\",\r\n            \"carts.value\"\r\n          ]\r\n        ],\r\n        \"period\": 300,\r\n        \"stat\": \"Maximum\",\r\n        \"region\": \"eu-west-1\",\r\n        \"title\": \"Total number of carts\"\r\n      }\r\n    },\r\n    {\r\n      \"type\": \"metric\",\r\n      \"x\": 0,\r\n      \"y\": 0,\r\n      \"width\": 12,\r\n      \"height\": 6,\r\n      \"properties\": {\r\n        \"metrics\": [\r\n          [\r\n            \"1041\",\r\n            \"cartsvalue.value\"\r\n          ]\r\n        ],\r\n        \"period\": 300,\r\n        \"stat\": \"Maximum\",\r\n        \"region\": \"eu-west-1\",\r\n        \"title\": \"Total Price of Carts\"\r\n      }\r\n    },\r\n    {\r\n      \"type\": \"metric\",\r\n      \"x\": 0,\r\n      \"y\": 0,\r\n      \"width\": 12,\r\n      \"height\": 6,\r\n      \"properties\": {\r\n        \"metrics\": [\r\n          [\r\n            \"1041\",\r\n            \"checkouts.value\"\r\n          ]\r\n        ],\r\n        \"period\": 300,\r\n        \"stat\": \"Maximum\",\r\n        \"region\": \"eu-west-1\",\r\n        \"title\": \"Total counts of checkout carts\"\r\n      }\r\n    },\r\n    {\r\n      \"type\": \"metric\",\r\n      \"x\": 0,\r\n      \"y\": 0,\r\n      \"width\": 12,\r\n      \"height\": 6,\r\n      \"properties\": {\r\n        \"metrics\": [\r\n          [\r\n            \"1041\",\r\n            \"checkout_latency.avg\"\r\n          ]\r\n        ],\r\n        \"period\": 300,\r\n        \"stat\": \"Maximum\",\r\n        \"region\": \"eu-west-1\",\r\n        \"title\": \"The avarage latency of checkout\"\r\n      }\r\n    }\r\n  ]\r\n}\r\n",
            "dashboard_name": "1041",
            "id": "1041"
          },
          "sensitive_attributes": [],
          "private": "bnVsbA=="
        }
      ]
    },
    {
      "mode": "managed",
      "type": "aws_s3_bucket",
      "name": "analyticsbucket",
      "provider": "provider[\"registry.terraform.io/hashicorp/aws\"]",
      "instances": [
        {
          "schema_version": 0,
          "attributes": {
            "acceleration_status": "",
            "acl": null,
            "arn": "arn:aws:s3:::analytics-1041",
            "bucket": "analytics-1041",
            "bucket_domain_name": "analytics-1041.s3.amazonaws.com",
            "bucket_prefix": null,
            "bucket_regional_domain_name": "analytics-1041.s3.eu-west-1.amazonaws.com",
            "cors_rule": [],
            "force_destroy": false,
            "grant": [
              {
                "id": "fe34aa6739344e8d737ec3f4c01bc3f46c6873d22809bdaa5cd3546f184fb947",
                "permissions": [
                  "FULL_CONTROL"
                ],
                "type": "CanonicalUser",
                "uri": ""
              }
            ],
            "hosted_zone_id": "Z1BKCTXD74EZPE",
            "id": "analytics-1041",
            "lifecycle_rule": [],
            "logging": [],
            "object_lock_configuration": [],
            "object_lock_enabled": false,
            "policy": "",
            "region": "eu-west-1",
            "replication_configuration": [],
            "request_payer": "BucketOwner",
            "server_side_encryption_configuration": [],
            "tags": null,
            "tags_all": {},
            "timeouts": null,
            "versioning": [
              {
                "enabled": false,
                "mfa_delete": false
              }
            ],
            "website": [],
            "website_domain": null,
            "website_endpoint": null
          },
          "sensitive_attributes": [],
          "private": "eyJlMmJmYjczMC1lY2FhLTExZTYtOGY4OC0zNDM2M2JjN2M0YzAiOnsiY3JlYXRlIjoxMjAwMDAwMDAwMDAwLCJkZWxldGUiOjM2MDAwMDAwMDAwMDAsInJlYWQiOjEyMDAwMDAwMDAwMDAsInVwZGF0ZSI6MTIwMDAwMDAwMDAwMH19"
        }
      ]
    },
    {
      "mode": "managed",
      "type": "aws_sns_topic",
      "name": "alarms",
      "provider": "provider[\"registry.terraform.io/hashicorp/aws\"]",
      "instances": [
        {
          "schema_version": 0,
          "attributes": {
            "application_failure_feedback_role_arn": "",
            "application_success_feedback_role_arn": "",
            "application_success_feedback_sample_rate": 0,
            "arn": "arn:aws:sns:eu-west-1:244530008913:alarm-topic-1041",
            "content_based_deduplication": false,
            "delivery_policy": "",
            "display_name": "",
            "fifo_topic": false,
            "firehose_failure_feedback_role_arn": "",
            "firehose_success_feedback_role_arn": "",
            "firehose_success_feedback_sample_rate": 0,
            "http_failure_feedback_role_arn": "",
            "http_success_feedback_role_arn": "",
            "http_success_feedback_sample_rate": 0,
            "id": "arn:aws:sns:eu-west-1:244530008913:alarm-topic-1041",
            "kms_master_key_id": "",
            "lambda_failure_feedback_role_arn": "",
            "lambda_success_feedback_role_arn": "",
            "lambda_success_feedback_sample_rate": 0,
            "name": "alarm-topic-1041",
            "name_prefix": "",
            "owner": "244530008913",
            "policy": "{\"Id\":\"__default_policy_ID\",\"Statement\":[{\"Action\":[\"SNS:GetTopicAttributes\",\"SNS:SetTopicAttributes\",\"SNS:AddPermission\",\"SNS:RemovePermission\",\"SNS:DeleteTopic\",\"SNS:Subscribe\",\"SNS:ListSubscriptionsByTopic\",\"SNS:Publish\"],\"Condition\":{\"StringEquals\":{\"AWS:SourceOwner\":\"244530008913\"}},\"Effect\":\"Allow\",\"Principal\":{\"AWS\":\"*\"},\"Resource\":\"arn:aws:sns:eu-west-1:244530008913:alarm-topic-1041\",\"Sid\":\"__default_statement_ID\"}],\"Version\":\"2008-10-17\"}",
            "sqs_failure_feedback_role_arn": "",
            "sqs_success_feedback_role_arn": "",
            "sqs_success_feedback_sample_rate": 0,
            "tags": null,
            "tags_all": {}
          },
          "sensitive_attributes": [],
          "private": "bnVsbA=="
        }
      ]
    },
    {
      "mode": "managed",
      "type": "aws_sns_topic_subscription",
      "name": "user_updates_sqs_target",
      "provider": "provider[\"registry.terraform.io/hashicorp/aws\"]",
      "instances": [
        {
          "schema_version": 0,
          "attributes": {
            "arn": "arn:aws:sns:eu-west-1:244530008913:alarm-topic-1041:8abd5d81-b2dc-48a6-b83b-0516a86a1433",
            "confirmation_timeout_in_minutes": 1,
            "confirmation_was_authenticated": false,
            "delivery_policy": "",
            "endpoint": "shma005@student.kristiania.no",
            "endpoint_auto_confirms": false,
            "filter_policy": "",
            "id": "arn:aws:sns:eu-west-1:244530008913:alarm-topic-1041:8abd5d81-b2dc-48a6-b83b-0516a86a1433",
            "owner_id": "244530008913",
            "pending_confirmation": true,
            "protocol": "email",
            "raw_message_delivery": false,
            "redrive_policy": "",
            "subscription_role_arn": "",
            "topic_arn": "arn:aws:sns:eu-west-1:244530008913:alarm-topic-1041"
          },
          "sensitive_attributes": [],
          "private": "bnVsbA==",
          "dependencies": [
            "aws_sns_topic.alarms"
          ]
        }
      ]
    }
  ],
  "check_results": null
}
